Microsoft Visual Studio Solution File, Format Version 11.00
# Visual Studio 2008

Project("{E2153720-4A50-5D30-56E6-AA6B1E301AAC}") = "hackRU-QuadSim-master", "Assembly-CSharp-firstpass.csproj", "{FCF75FC8-6D51-1FA6-9A65-157526076E24}"
EndProject
Project("{E2153720-4A50-5D30-56E6-AA6B1E301AAC}") = "hackRU-QuadSim-master", "Assembly-CSharp.csproj", "{2BE09156-5FD1-516D-20D2-7DA1F41130E9}"
EndProject
Project("{E2153720-4A50-5D30-56E6-AA6B1E301AAC}") = "hackRU-QuadSim-master", "Assembly-UnityScript.unityproj", "{A874A324-235B-5C75-F708-A40D536BFA31}"
EndProject
Global
	GlobalSection(SolutionConfigurationPlatforms) = preSolution
		Debug|Any CPU = Debug|Any CPU
		Release|Any CPU = Release|Any CPU
	EndGlobalSection
	GlobalSection(ProjectConfigurationPlatforms) = postSolution
		{FCF75FC8-6D51-1FA6-9A65-157526076E24}.Debug|Any CPU.ActiveCfg = Debug|Any CPU
		{FCF75FC8-6D51-1FA6-9A65-157526076E24}.Debug|Any CPU.Build.0 = Debug|Any CPU
		{FCF75FC8-6D51-1FA6-9A65-157526076E24}.Release|Any CPU.ActiveCfg = Release|Any CPU
		{FCF75FC8-6D51-1FA6-9A65-157526076E24}.Release|Any CPU.Build.0 = Release|Any CPU
		{2BE09156-5FD1-516D-20D2-7DA1F41130E9}.Debug|Any CPU.ActiveCfg = Debug|Any CPU
		{2BE09156-5FD1-516D-20D2-7DA1F41130E9}.Debug|Any CPU.Build.0 = Debug|Any CPU
		{2BE09156-5FD1-516D-20D2-7DA1F41130E9}.Release|Any CPU.ActiveCfg = Release|Any CPU
		{2BE09156-5FD1-516D-20D2-7DA1F41130E9}.Release|Any CPU.Build.0 = Release|Any CPU
		{A874A324-235B-5C75-F708-A40D536BFA31}.Debug|Any CPU.ActiveCfg = Debug|Any CPU
		{A874A324-235B-5C75-F708-A40D536BFA31}.Debug|Any CPU.Build.0 = Debug|Any CPU
		{A874A324-235B-5C75-F708-A40D536BFA31}.Release|Any CPU.ActiveCfg = Release|Any CPU
		{A874A324-235B-5C75-F708-A40D536BFA31}.Release|Any CPU.Build.0 = Release|Any CPU
	EndGlobalSection
	GlobalSection(SolutionProperties) = preSolution
		HideSolutionNode = FALSE
	EndGlobalSection
	GlobalSection(MonoDevelopProperties) = preSolution
		StartupItem = Assembly-CSharp.csproj
		Policies = $0
		$0.TextStylePolicy = $1
		$1.inheritsSet = null
		$1.scope = text/x-csharp
		$0.CSharpFormattingPolicy = $2
		$2.inheritsSet = Mono
		$2.inheritsScope = text/x-csharp
		$2.scope = text/x-csharp
		$0.TextStylePolicy = $3
		$3.FileWidth = 120
		$3.TabWidth = 4
		$3.EolMarker = Unix
		$3.inheritsSet = Mono
		$3.inheritsScope = text/plain
		$3.scope = text/plain
	EndGlobalSection
EndGlobal
